// !$*UTF8*$!
{
	archiveVersion = 1;
	classes = {
	};
	objectVersion = 46;
	objects = {

/* Begin PBXBuildFile section */
		53D4C1DF76EFF778F874F7F1 /* Pods_rain.framework in Frameworks */ = {isa = PBXBuildFile; fileRef = 6C86402B2510E6418FACD82D /* Pods_rain.framework */; };
		59F5ED9B1DA3C7E8004FA87C /* AppDelegate.swift in Sources */ = {isa = PBXBuildFile; fileRef = 59F5ED9A1DA3C7E8004FA87C /* AppDelegate.swift */; };
		59F5ED9D1DA3C7E8004FA87C /* ViewController.swift in Sources */ = {isa = PBXBuildFile; fileRef = 59F5ED9C1DA3C7E8004FA87C /* ViewController.swift */; };
		59F5EDA01DA3C7E8004FA87C /* Main.storyboard in Resources */ = {isa = PBXBuildFile; fileRef = 59F5ED9E1DA3C7E8004FA87C /* Main.storyboard */; };
		59F5EDA21DA3C7E8004FA87C /* Assets.xcassets in Resources */ = {isa = PBXBuildFile; fileRef = 59F5EDA11DA3C7E8004FA87C /* Assets.xcassets */; };
		59F5EDA51DA3C7E8004FA87C /* LaunchScreen.storyboard in Resources */ = {isa = PBXBuildFile; fileRef = 59F5EDA31DA3C7E8004FA87C /* LaunchScreen.storyboard */; };
/* End PBXBuildFile section */

/* Begin PBXFileReference section */
		04A930580984DABD9CB35533 /* Pods-rain.release.xcconfig */ = {isa = PBXFileReference; includeInIndex = 1; lastKnownFileType = text.xcconfig; name = "Pods-rain.release.xcconfig"; path = "Pods/Target Support Files/Pods-rain/Pods-rain.release.xcconfig"; sourceTree = "<group>"; };
		59F5ED971DA3C7E8004FA87C /* rain.app */ = {isa = PBXFileReference; explicitFileType = wrapper.application; includeInIndex = 0; path = rain.app; sourceTree = BUILT_PRODUCTS_DIR; };
		59F5ED9A1DA3C7E8004FA87C /* AppDelegate.swift */ = {isa = PBXFileReference; lastKnownFileType = sourcecode.swift; path = AppDelegate.swift; sourceTree = "<group>"; };
		59F5ED9C1DA3C7E8004FA87C /* ViewController.swift */ = {isa = PBXFileReference; lastKnownFileType = sourcecode.swift; path = ViewController.swift; sourceTree = "<group>"; };
		59F5ED9F1DA3C7E8004FA87C /* Base */ = {isa = PBXFileReference; lastKnownFileType = file.storyboard; name = Base; path = Base.lproj/Main.storyboard; sourceTree = "<group>"; };
		59F5EDA11DA3C7E8004FA87C /* Assets.xcassets */ = {isa = PBXFileReference; lastKnownFileType = folder.assetcatalog; path = Assets.xcassets; sourceTree = "<group>"; };
		59F5EDA41DA3C7E8004FA87C /* Base */ = {isa = PBXFileReference; lastKnownFileType = file.storyboard; name = Base; path = Base.lproj/LaunchScreen.storyboard; sourceTree = "<group>"; };
		59F5EDA61DA3C7E8004FA87C /* Info.plist */ = {isa = PBXFileReference; lastKnownFileType = text.plist.xml; path = Info.plist; sourceTree = "<group>"; };
		5ECF4D0E70BEB73830417039 /* Pods-rain.debug.xcconfig */ = {isa = PBXFileReference; includeInIndex = 1; lastKnownFileType = text.xcconfig; name = "Pods-rain.debug.xcconfig"; path = "Pods/Target Support Files/Pods-rain/Pods-rain.debug.xcconfig"; sourceTree = "<group>"; };
		6C86402B2510E6418FACD82D /* Pods_rain.framework */ = {isa = PBXFileReference; explicitFileType = wrapper.framework; includeInIndex = 0; path = Pods_rain.framework; sourceTree = BUILT_PRODUCTS_DIR; };
/* End PBXFileReference section */

/* Begin PBXFrameworksBuildPhase section */
		59F5ED941DA3C7E8004FA87C /* Frameworks */ = {
			isa = PBXFrameworksBuildPhase;
			buildActionMask = 2147483647;
			files = (
				53D4C1DF76EFF778F874F7F1 /* Pods_rain.framework in Frameworks */,
			);
			runOnlyForDeploymentPostprocessing = 0;
		};
/* End PBXFrameworksBuildPhase section */

/* Begin PBXGroup section */
		53CAB0044863314A4A73013D /* Pods */ = {
			isa = PBXGroup;
			children = (
				5ECF4D0E70BEB73830417039 /* Pods-rain.debug.xcconfig */,
				04A930580984DABD9CB35533 /* Pods-rain.release.xcconfig */,
			);
			name = Pods;
			sourceTree = "<group>";
		};
		59F5ED8E1DA3C7E8004FA87C = {
			isa = PBXGroup;
			children = (
				59F5ED991DA3C7E8004FA87C /* rain */,
				59F5ED981DA3C7E8004FA87C /* Products */,
				53CAB0044863314A4A73013D /* Pods */,
				7A0B90FB26946D1D94CB886E /* Frameworks */,
			);
			sourceTree = "<group>";
		};
		59F5ED981DA3C7E8004FA87C /* Products */ = {
			isa = PBXGroup;
			children = (
				59F5ED971DA3C7E8004FA87C /* rain.app */,
			);
			name = Products;
			sourceTree = "<group>";
		};
		59F5ED991DA3C7E8004FA87C /* rain */ = {
			isa = PBXGroup;
			children = (
				59F5ED9A1DA3C7E8004FA87C /* AppDelegate.swift */,
				59F5ED9C1DA3C7E8004FA87C /* ViewController.swift */,
				59F5ED9E1DA3C7E8004FA87C /* Main.storyboard */,
				59F5EDA11DA3C7E8004FA87C /* Assets.xcassets */,
				59F5EDA31DA3C7E8004FA87C /* LaunchScreen.storyboard */,
				59F5EDA61DA3C7E8004FA87C /* Info.plist */,
			);
			path = rain;
			sourceTree = "<group>";
		};
		7A0B90FB26946D1D94CB886E /* Frameworks */ = {
			isa = PBXGroup;
			children = (
				6C86402B2510E6418FACD82D /* Pods_rain.framework */,
			);
			name = Frameworks;
			sourceTree = "<group>";
		};
/* End PBXGroup section */

/* Begin PBXNativeTarget section */
		59F5ED961DA3C7E8004FA87C /* rain */ = {
			isa = PBXNativeTarget;
			buildConfigurationList = 59F5EDA91DA3C7E8004FA87C /* Build configuration list for PBXNativeTarget "rain" */;
			buildPhases = (
				6A8A5A02BD9AE9898B49D52E /* [CP] Check Pods Manifest.lock */,
				59F5ED931DA3C7E8004FA87C /* Sources */,
				59F5ED941DA3C7E8004FA87C /* Frameworks */,
				59F5ED951DA3C7E8004FA87C /* Resources */,
				5C44314BA5ABB3AA6ACFC482 /* [CP] Embed Pods Frameworks */,
				32E0338480E0D91B6808323A /* [CP] Copy Pods Resources */,
			);
			buildRules = (
			);
			dependencies = (
			);
			name = rain;
			productName = rain;
			productReference = 59F5ED971DA3C7E8004FA87C /* rain.app */;
			productType = "com.apple.product-type.application";
		};
/* End PBXNativeTarget section */

/* Begin PBXProject section */
		59F5ED8F1DA3C7E8004FA87C /* Project object */ = {
			isa = PBXProject;
			attributes = {
				LastSwiftUpdateCheck = 0800;
				LastUpgradeCheck = 0800;
				ORGANIZATIONNAME = nicksdev;
				TargetAttributes = {
					59F5ED961DA3C7E8004FA87C = {
						CreatedOnToolsVersion = 8.0;
						DevelopmentTeam = GAC33BRLLD;
						ProvisioningStyle = Automatic;
					};
				};
			};
			buildConfigurationList = 59F5ED921DA3C7E8004FA87C /* Build configuration list for PBXProject "rain" */;
			compatibilityVersion = "Xcode 3.2";
			developmentRegion = English;
			hasScannedForEncodings = 0;
			knownRegions = (
				en,
				Base,
			);
			mainGroup = 59F5ED8E1DA3C7E8004FA87C;
			productRefGroup = 59F5ED981DA3C7E8004FA87C /* Products */;
			projectDirPath = "";
			projectRoot = "";
			targets = (
				59F5ED961DA3C7E8004FA87C /* rain */,
			);
		};
/* End PBXProject section */

/* Begin PBXResourcesBuildPhase section */
		59F5ED951DA3C7E8004FA87C /* Resources */ = {
			isa = PBXResourcesBuildPhase;
			buildActionMask = 2147483647;
			files = (
				59F5EDA51DA3C7E8004FA87C /* LaunchScreen.storyboard in Resources */,
				59F5EDA21DA3C7E8004FA87C /* Assets.xcassets in Resources */,
				59F5EDA01DA3C7E8004FA87C /* Main.storyboard in Resources */,
			);
			runOnlyForDeploymentPostprocessing = 0;
		};
/* End PBXResourcesBuildPhase section */

/* Begin PBXShellScriptBuildPhase section */
		32E0338480E0D91B6808323A /* [CP] Copy Pods Resources */ = {
			isa = PBXShellScriptBuildPhase;
			buildActionMask = 2147483647;
			files = (
			);
			inputPaths = (
			);
			name = "[CP] Copy Pods Resources";
			outputPaths = (
			);
			runOnlyForDeploymentPostprocessing = 0;
			shellPath = /bin/sh;
			shellScript = "\"${SRCROOT}/Pods/Target Support Files/Pods-rain/Pods-rain-resources.sh\"\n";
			showEnvVarsInLog = 0;
		};
		5C44314BA5ABB3AA6ACFC482 /* [CP] Embed Pods Frameworks */ = {
			isa = PBXShellScriptBuildPhase;
			buildActionMask = 2147483647;
			files = (
			);
			inputPaths = (
			);
			name = "[CP] Embed Pods Frameworks";
			outputPaths = (
			);
			runOnlyForDeploymentPostprocessing = 0;
			shellPath = /bin/sh;
			shellScript = "\"${SRCROOT}/Pods/Target Support Files/Pods-rain/Pods-rain-frameworks.sh\"\n";
			showEnvVarsInLog = 0;
		};
		6A8A5A02BD9AE9898B49D52E /* [CP] Check Pods Manifest.lock */ = {
			isa = PBXShellScriptBuildPhase;
			buildActionMask = 2147483647;
			files = (
			);
			inputPaths = (
			);
			name = "[CP] Check Pods Manifest.lock";
			outputPaths = (
			);
			runOnlyForDeploymentPostprocessing = 0;
			shellPath = /bin/sh;
			shellScript = "diff \"${PODS_ROOT}/../Podfile.lock\" \"${PODS_ROOT}/Manifest.lock\" > /dev/null\nif [[ $? != 0 ]] ; then\n    cat << EOM\nerror: The sandbox is not in sync with the Podfile.lock. Run 'pod install' or update your CocoaPods installation.\nEOM\n    exit 1\nfi\n";
			showEnvVarsInLog = 0;
		};
/* End PBXShellScriptBuildPhase section */

/* Begin PBXSourcesBuildPhase section */
		59F5ED931DA3C7E8004FA87C /* Sources */ = {
			isa = PBXSourcesBuildPhase;
			buildActionMask = 2147483647;
			files = (
				59F5ED9D1DA3C7E8004FA87C /* ViewController.swift in Sources */,
				59F5ED9B1DA3C7E8004FA87C /* AppDelegate.swift in Sources */,
			);
			runOnlyForDeploymentPostprocessing = 0;
		};
/* End PBXSourcesBuildPhase section */

/* Begin PBXVariantGroup section */
		59F5ED9E1DA3C7E8004FA87C /* Main.storyboard */ = {
			isa = PBXVariantGroup;
			children = (
				59F5ED9F1DA3C7E8004FA87C /* Base */,
			);
			name = Main.storyboard;
			sourceTree = "<group>";
		};
		59F5EDA31DA3C7E8004FA87C /* LaunchScreen.storyboard */ = {
			isa = PBXVariantGroup;
			children = (
				59F5EDA41DA3C7E8004FA87C /* Base */,
			);
			name = LaunchScreen.storyboard;
			sourceTree = "<group>";
		};
/* End PBXVariantGroup section */

/* Begin XCBuildConfiguration section */
		59F5EDA71DA3C7E8004FA87C /* Debug */ = {
			isa = XCBuildConfiguration;
			buildSettings = {
				ALWAYS_SEARCH_USER_PATHS = NO;
				CLANG_ANALYZER_NONNULL = YES;
				CLANG_CXX_LANGUAGE_STANDARD = "gnu++0x";
				CLANG_CXX_LIBRARY = "libc++";
				CLANG_ENABLE_MODULES = YES;
				CLANG_ENABLE_OBJC_ARC = YES;
				CLANG_WARN_BOOL_CONVERSION = YES;
				CLANG_WARN_CONSTANT_CONVERSION = YES;
				CLANG_WARN_DIRECT_OBJC_ISA_USAGE = YES_ERROR;
				CLANG_WARN_DOCUMENTATION_COMMENTS = YES;
				CLANG_WARN_EMPTY_BODY = YES;
				CLANG_WARN_ENUM_CONVERSION = YES;
				CLANG_WARN_INFINITE_RECURSION = YES;
				CLANG_WARN_INT_CONVERSION = YES;
				CLANG_WARN_OBJC_ROOT_CLASS = YES_ERROR;
				CLANG_WARN_SUSPICIOUS_MOVES = YES;
				CLANG_WARN_UNREACHABLE_CODE = YES;
				CLANG_WARN__DUPLICATE_METHOD_MATCH = YES;
				"CODE_SIGN_IDENTITY[sdk=iphoneos*]" = "iPhone Developer";
				COPY_PHASE_STRIP = NO;
				DEBUG_INFORMATION_FORMAT = dwarf;
				ENABLE_STRICT_OBJC_MSGSEND = YES;
				ENABLE_TESTABILITY = YES;
				GCC_C_LANGUAGE_STANDARD = gnu99;
				GCC_DYNAMIC_NO_PIC = NO;
				GCC_NO_COMMON_BLOCKS = YES;
				GCC_OPTIMIZATION_LEVEL = 0;
				GCC_PREPROCESSOR_DEFINITIONS = (
					"DEBUG=1",
					"$(inherited)",
				);
				GCC_WARN_64_TO_32_BIT_CONVERSION = YES;
				GCC_WARN_ABOUT_RETURN_TYPE = YES_ERROR;
				GCC_WARN_UNDECLARED_SELECTOR = YES;
				GCC_WARN_UNINITIALIZED_AUTOS = YES_AGGRESSIVE;
				GCC_WARN_UNUSED_FUNCTION = YES;
				GCC_WARN_UNUSED_VARIABLE = YES;
				IPHONEOS_DEPLOYMENT_TARGET = 10.0;
				MTL_ENABLE_DEBUG_INFO = YES;
				ONLY_ACTIVE_ARCH = YES;
				SDKROOT = iphoneos;
				SWIFT_ACTIVE_COMPILATION_CONDITIONS = DEBUG;
				SWIFT_OPTIMIZATION_LEVEL = "-Onone";
			};
			name = Debug;
		};
		59F5EDA81DA3C7E8004FA87C /* Release */ = {
			isa = XCBuildConfiguration;
			buildSettings = {
				ALWAYS_SEARCH_USER_PATHS = NO;
				CLANG_ANALYZER_NONNULL = YES;
				CLANG_CXX_LANGUAGE_STANDARD = "gnu++0x";
				CLANG_CXX_LIBRARY = "libc++";
				CLANG_ENABLE_MODULES = YES;
				CLANG_ENABLE_OBJC_ARC = YES;
				CLANG_WARN_BOOL_CONVERSION = YES;
				CLANG_WARN_CONSTANT_CONVERSION = YES;
				CLANG_WARN_DIRECT_OBJC_ISA_USAGE = YES_ERROR;
				CLANG_WARN_DOCUMENTATION_COMMENTS = YES;
				CLANG_WARN_EMPTY_BODY = YES;
				CLANG_WARN_ENUM_CONVERSION = YES;
				CLANG_WARN_INFINITE_RECURSION = YES;
				CLANG_WARN_INT_CONVERSION = YES;
				CLANG_WARN_OBJC_ROOT_CLASS = YES_ERROR;
				CLANG_WARN_SUSPICIOUS_MOVES = YES;
				CLANG_WARN_UNREACHABLE_CODE = YES;
				CLANG_WARN__DUPLICATE_METHOD_MATCH = YES;
				"CODE_SIGN_IDENTITY[sdk=iphoneos*]" = "iPhone Developer";
				COPY_PHASE_STRIP = NO;
				DEBUG_INFORMATION_FORMAT = "dwarf-with-dsym";
				ENABLE_NS_ASSERTIONS = NO;
				ENABLE_STRICT_OBJC_MSGSEND = YES;
				GCC_C_LANGUAGE_STANDARD = gnu99;
				GCC_NO_COMMON_BLOCKS = YES;
				GCC_WARN_64_TO_32_BIT_CONVERSION = YES;
				GCC_WARN_ABOUT_RETURN_TYPE = YES_ERROR;
				GCC_WARN_UNDECLARED_SELECTOR = YES;
				GCC_WARN_UNINITIALIZED_AUTOS = YES_AGGRESSIVE;
				GCC_WARN_UNUSED_FUNCTION = YES;
				GCC_WARN_UNUSED_VARIABLE = YES;
				IPHONEOS_DEPLOYMENT_TARGET = 10.0;
				MTL_ENABLE_DEBUG_INFO = NO;
				SDKROOT = iphoneos;
				SWIFT_OPTIMIZATION_LEVEL = "-Owholemodule";
				VALIDATE_PRODUCT = YES;
			};
			name = Release;
		};
		59F5EDAA1DA3C7E8004FA87C /* Debug */ = {
			isa = XCBuildConfiguration;
			baseConfigurationReference = 5ECF4D0E70BEB73830417039 /* Pods-rain.debug.xcconfig */;
			buildSettings = {
				ASSETCATALOG_COMPILER_APPICON_NAME = AppIcon;
				DEVELOPMENT_TEAM = GAC33BRLLD;
				INFOPLIST_FILE = rain/Info.plist;
				LD_RUNPATH_SEARCH_PATHS = "$(inherited) @executable_path/Frameworks";
				PRODUCT_BUNDLE_IDENTIFIER = com.nicksdev.rain;
				PRODUCT_NAME = "$(TARGET_NAME)";
				SWIFT_VERSION = 3.0;
			};
			name = Debug;
		};
		59F5EDAB1DA3C7E8004FA87C /* Release */ = {
			isa = XCBuildConfiguration;
			baseConfigurationReference = 04A930580984DABD9CB35533 /* Pods-rain.release.xcconfig */;
			buildSettings = {
				ASSETCATALOG_COMPILER_APPICON_NAME = AppIcon;
				DEVELOPMENT_TEAM = GAC33BRLLD;
				INFOPLIST_FILE = rain/Info.plist;
				LD_RUNPATH_SEARCH_PATHS = "$(inherited) @executable_path/Frameworks";
				PRODUCT_BUNDLE_IDENTIFIER = com.nicksdev.rain;
				PRODUCT_NAME = "$(TARGET_NAME)";
				SWIFT_VERSION = 3.0;
			};
			name = Release;
		};
/* End XCBuildConfiguration section */

/* Begin XCConfigurationList section */
		59F5ED921DA3C7E8004FA87C /* Build configuration list for PBXProject "rain" */ = {
			isa = XCConfigurationList;
			buildConfigurations = (
				59F5EDA71DA3C7E8004FA87C /* Debug */,
				59F5EDA81DA3C7E8004FA87C /* Release */,
			);
			defaultConfigurationIsVisible = 0;
			defaultConfigurationName = Release;
		};
		59F5EDA91DA3C7E8004FA87C /* Build configuration list for PBXNativeTarget "rain" */ = {
			isa = XCConfigurationList;
			buildConfigurations = (
				59F5EDAA1DA3C7E8004FA87C /* Debug */,
				59F5EDAB1DA3C7E8004FA87C /* Release */,
			);
			defaultConfigurationIsVisible = 0;
			defaultConfigurationName = Release;
		};
/* End XCConfigurationList section */
	};
	rootObject = 59F5ED8F1DA3C7E8004FA87C /* Project object */;
}
